
Microsoft Visual Studio Solution File, Format Version 12.00
# Visual Studio Version 16
VisualStudioVersion = 16.0.28922.388
MinimumVisualStudioVersion = 10.0.40219.1
Project("{9A19103F-16F7-4668-BE54-9A1E7A4F7556}") = "AutofacBugRepro", "src\AutofacBugRepro\AutofacBugRepro.csproj", "{8BBE6ECC-D769-4119-A5BD-4DB45E61451B}"
EndProject
Project("{9A19103F-16F7-4668-BE54-9A1E7A4F7556}") = "AutofacBugRepro.Tests", "test\AutofacBugRepro.Tests\AutofacBugRepro.Tests.csproj", "{A62DF476-8EBC-4998-8623-B522D467C8E8}"
EndProject
Global
	GlobalSection(SolutionConfigurationPlatforms) = preSolution
		Debug|Any CPU = Debug|Any CPU
		Release|Any CPU = Release|Any CPU
	EndGlobalSection
	GlobalSection(ProjectConfigurationPlatforms) = postSolution
		{8BBE6ECC-D769-4119-A5BD-4DB45E61451B}.Debug|Any CPU.ActiveCfg = Debug|Any CPU
		{8BBE6ECC-D769-4119-A5BD-4DB45E61451B}.Debug|Any CPU.Build.0 = Debug|Any CPU
		{8BBE6ECC-D769-4119-A5BD-4DB45E61451B}.Release|Any CPU.ActiveCfg = Release|Any CPU
		{8BBE6ECC-D769-4119-A5BD-4DB45E61451B}.Release|Any CPU.Build.0 = Release|Any CPU
		{A62DF476-8EBC-4998-8623-B522D467C8E8}.Debug|Any CPU.ActiveCfg = Debug|Any CPU
		{A62DF476-8EBC-4998-8623-B522D467C8E8}.Debug|Any CPU.Build.0 = Debug|Any CPU
		{A62DF476-8EBC-4998-8623-B522D467C8E8}.Release|Any CPU.ActiveCfg = Release|Any CPU
		{A62DF476-8EBC-4998-8623-B522D467C8E8}.Release|Any CPU.Build.0 = Release|Any CPU
	EndGlobalSection
	GlobalSection(SolutionProperties) = preSolution
		HideSolutionNode = FALSE
	EndGlobalSection
	GlobalSection(ExtensibilityGlobals) = postSolution
		SolutionGuid = {762FB608-6097-446E-9521-52422687A91D}
	EndGlobalSection
EndGlobal
